// !$*UTF8*$!
{
	archiveVersion = 1;
	classes = {
	};
	objectVersion = 46;
	objects = {

/* Begin PBXBuildFile section */
		17A302DF1CDAF48E007257B5 /* ICEChatRoom.m in Sources */ = {isa = PBXBuildFile; fileRef = 17A302D71CDAF48E007257B5 /* ICEChatRoom.m */; };
		17A302E01CDAF48E007257B5 /* ICEMessageListView.m in Sources */ = {isa = PBXBuildFile; fileRef = 17A302D91CDAF48E007257B5 /* ICEMessageListView.m */; };
		17A302E11CDAF48E007257B5 /* ICEInputView.m in Sources */ = {isa = PBXBuildFile; fileRef = 17A302DC1CDAF48E007257B5 /* ICEInputView.m */; };
		17D7042F1CCDF40E009CA7C0 /* main.m in Sources */ = {isa = PBXBuildFile; fileRef = 17D7042E1CCDF40E009CA7C0 /* main.m */; };
		17D704321CCDF40E009CA7C0 /* AppDelegate.m in Sources */ = {isa = PBXBuildFile; fileRef = 17D704311CCDF40E009CA7C0 /* AppDelegate.m */; };
		17D704351CCDF40E009CA7C0 /* ViewController.m in Sources */ = {isa = PBXBuildFile; fileRef = 17D704341CCDF40E009CA7C0 /* ViewController.m */; };
		17D704381CCDF40E009CA7C0 /* Main.storyboard in Resources */ = {isa = PBXBuildFile; fileRef = 17D704361CCDF40E009CA7C0 /* Main.storyboard */; };
		17D7043A1CCDF40E009CA7C0 /* Assets.xcassets in Resources */ = {isa = PBXBuildFile; fileRef = 17D704391CCDF40E009CA7C0 /* Assets.xcassets */; };
		17D7043D1CCDF40E009CA7C0 /* LaunchScreen.storyboard in Resources */ = {isa = PBXBuildFile; fileRef = 17D7043B1CCDF40E009CA7C0 /* LaunchScreen.storyboard */; };
		17D704751CCDFA3F009CA7C0 /* Foundation+Log.m in Sources */ = {isa = PBXBuildFile; fileRef = 17D704471CCDFA3F009CA7C0 /* Foundation+Log.m */; };
		17D704761CCDFA3F009CA7C0 /* NSArray+ICEAdd.m in Sources */ = {isa = PBXBuildFile; fileRef = 17D704491CCDFA3F009CA7C0 /* NSArray+ICEAdd.m */; };
		17D704771CCDFA3F009CA7C0 /* NSDate+ICEAdd.m in Sources */ = {isa = PBXBuildFile; fileRef = 17D7044B1CCDFA3F009CA7C0 /* NSDate+ICEAdd.m */; };
		17D704781CCDFA3F009CA7C0 /* NSDictionary+ICEAdd.m in Sources */ = {isa = PBXBuildFile; fileRef = 17D7044D1CCDFA3F009CA7C0 /* NSDictionary+ICEAdd.m */; };
		17D704791CCDFA3F009CA7C0 /* NSFileManager+ICEAdd.m in Sources */ = {isa = PBXBuildFile; fileRef = 17D7044F1CCDFA3F009CA7C0 /* NSFileManager+ICEAdd.m */; };
		17D7047A1CCDFA3F009CA7C0 /* NSObject+ICEAdd.m in Sources */ = {isa = PBXBuildFile; fileRef = 17D704511CCDFA3F009CA7C0 /* NSObject+ICEAdd.m */; };
		17D7047B1CCDFA3F009CA7C0 /* NSObject+ICEBlock.m in Sources */ = {isa = PBXBuildFile; fileRef = 17D704531CCDFA3F009CA7C0 /* NSObject+ICEBlock.m */; };
		17D7047C1CCDFA3F009CA7C0 /* NSObject+YYAddForKVO.m in Sources */ = {isa = PBXBuildFile; fileRef = 17D704551CCDFA3F009CA7C0 /* NSObject+YYAddForKVO.m */; };
		17D7047D1CCDFA3F009CA7C0 /* NSString+ICEAdd.m in Sources */ = {isa = PBXBuildFile; fileRef = 17D704571CCDFA3F009CA7C0 /* NSString+ICEAdd.m */; };
		17D7047E1CCDFA3F009CA7C0 /* NSTimer+ICEAdd.m in Sources */ = {isa = PBXBuildFile; fileRef = 17D704591CCDFA3F009CA7C0 /* NSTimer+ICEAdd.m */; };
		17D7047F1CCDFA3F009CA7C0 /* UIApplication+ICEAdd.m in Sources */ = {isa = PBXBuildFile; fileRef = 17D7045B1CCDFA3F009CA7C0 /* UIApplication+ICEAdd.m */; };
		17D704801CCDFA3F009CA7C0 /* UIFont+ICEAdd.m in Sources */ = {isa = PBXBuildFile; fileRef = 17D7045D1CCDFA3F009CA7C0 /* UIFont+ICEAdd.m */; };
		17D704811CCDFA3F009CA7C0 /* UIBarButtonItem+ICEAdd.m in Sources */ = {isa = PBXBuildFile; fileRef = 17D704611CCDFA3F009CA7C0 /* UIBarButtonItem+ICEAdd.m */; };
		17D704821CCDFA3F009CA7C0 /* UIButton+ICEBlock.m in Sources */ = {isa = PBXBuildFile; fileRef = 17D704631CCDFA3F009CA7C0 /* UIButton+ICEBlock.m */; };
		17D704831CCDFA3F009CA7C0 /* UIColor+ICEAdd.m in Sources */ = {isa = PBXBuildFile; fileRef = 17D704651CCDFA3F009CA7C0 /* UIColor+ICEAdd.m */; };
		17D704841CCDFA3F009CA7C0 /* UIControl+ICEBlock.m in Sources */ = {isa = PBXBuildFile; fileRef = 17D704671CCDFA3F009CA7C0 /* UIControl+ICEBlock.m */; };
		17D704851CCDFA3F009CA7C0 /* UIGestureRecognizer+ICEAdd.m in Sources */ = {isa = PBXBuildFile; fileRef = 17D704691CCDFA3F009CA7C0 /* UIGestureRecognizer+ICEAdd.m */; };
		17D704861CCDFA3F009CA7C0 /* UIImage+ICEAdd.m in Sources */ = {isa = PBXBuildFile; fileRef = 17D7046B1CCDFA3F009CA7C0 /* UIImage+ICEAdd.m */; };
		17D704871CCDFA3F009CA7C0 /* UIScrollView+ICEAdd.m in Sources */ = {isa = PBXBuildFile; fileRef = 17D7046D1CCDFA3F009CA7C0 /* UIScrollView+ICEAdd.m */; };
		17D704881CCDFA3F009CA7C0 /* UITableView+ICEAdd.m in Sources */ = {isa = PBXBuildFile; fileRef = 17D7046F1CCDFA3F009CA7C0 /* UITableView+ICEAdd.m */; };
		17D704891CCDFA3F009CA7C0 /* UIView+ICEAdd.m in Sources */ = {isa = PBXBuildFile; fileRef = 17D704711CCDFA3F009CA7C0 /* UIView+ICEAdd.m */; };
		17D7048A1CCDFA3F009CA7C0 /* UIView+ICETapAdd.m in Sources */ = {isa = PBXBuildFile; fileRef = 17D704731CCDFA3F009CA7C0 /* UIView+ICETapAdd.m */; };
		81984AE58310718D821CC880 /* libPods.a in Frameworks */ = {isa = PBXBuildFile; fileRef = 786C2EE49CD3E5CD6CF8ED2B /* libPods.a */; };
/* End PBXBuildFile section */

/* Begin PBXFileReference section */
		17A302D61CDAF48E007257B5 /* ICEChatRoom.h */ = {isa = PBXFileReference; fileEncoding = 4; lastKnownFileType = sourcecode.c.h; path = ICEChatRoom.h; sourceTree = "<group>"; };
		17A302D71CDAF48E007257B5 /* ICEChatRoom.m */ = {isa = PBXFileReference; fileEncoding = 4; lastKnownFileType = sourcecode.c.objc; path = ICEChatRoom.m; sourceTree = "<group>"; };
		17A302D81CDAF48E007257B5 /* ICEMessageListView.h */ = {isa = PBXFileReference; fileEncoding = 4; lastKnownFileType = sourcecode.c.h; path = ICEMessageListView.h; sourceTree = "<group>"; };
		17A302D91CDAF48E007257B5 /* ICEMessageListView.m */ = {isa = PBXFileReference; fileEncoding = 4; lastKnownFileType = sourcecode.c.objc; path = ICEMessageListView.m; sourceTree = "<group>"; };
		17A302DB1CDAF48E007257B5 /* ICEInputView.h */ = {isa = PBXFileReference; fileEncoding = 4; lastKnownFileType = sourcecode.c.h; path = ICEInputView.h; sourceTree = "<group>"; };
		17A302DC1CDAF48E007257B5 /* ICEInputView.m */ = {isa = PBXFileReference; fileEncoding = 4; lastKnownFileType = sourcecode.c.objc; path = ICEInputView.m; sourceTree = "<group>"; };
		17D7042A1CCDF40E009CA7C0 /* ICEGitSet.app */ = {isa = PBXFileReference; explicitFileType = wrapper.application; includeInIndex = 0; path = ICEGitSet.app; sourceTree = BUILT_PRODUCTS_DIR; };
		17D7042E1CCDF40E009CA7C0 /* main.m */ = {isa = PBXFileReference; lastKnownFileType = sourcecode.c.objc; path = main.m; sourceTree = "<group>"; };
		17D704301CCDF40E009CA7C0 /* AppDelegate.h */ = {isa = PBXFileReference; lastKnownFileType = sourcecode.c.h; path = AppDelegate.h; sourceTree = "<group>"; };
		17D704311CCDF40E009CA7C0 /* AppDelegate.m */ = {isa = PBXFileReference; lastKnownFileType = sourcecode.c.objc; path = AppDelegate.m; sourceTree = "<group>"; };
		17D704331CCDF40E009CA7C0 /* ViewController.h */ = {isa = PBXFileReference; lastKnownFileType = sourcecode.c.h; path = ViewController.h; sourceTree = "<group>"; };
		17D704341CCDF40E009CA7C0 /* ViewController.m */ = {isa = PBXFileReference; lastKnownFileType = sourcecode.c.objc; path = ViewController.m; sourceTree = "<group>"; };
		17D704371CCDF40E009CA7C0 /* Base */ = {isa = PBXFileReference; lastKnownFileType = file.storyboard; name = Base; path = Base.lproj/Main.storyboard; sourceTree = "<group>"; };
		17D704391CCDF40E009CA7C0 /* Assets.xcassets */ = {isa = PBXFileReference; lastKnownFileType = folder.assetcatalog; path = Assets.xcassets; sourceTree = "<group>"; };
		17D7043C1CCDF40E009CA7C0 /* Base */ = {isa = PBXFileReference; lastKnownFileType = file.storyboard; name = Base; path = Base.lproj/LaunchScreen.storyboard; sourceTree = "<group>"; };
		17D7043E1CCDF40E009CA7C0 /* Info.plist */ = {isa = PBXFileReference; lastKnownFileType = text.plist.xml; path = Info.plist; sourceTree = "<group>"; };
		17D704441CCDF9DA009CA7C0 /* ICEGitSet.pch */ = {isa = PBXFileReference; lastKnownFileType = sourcecode.c.h; path = ICEGitSet.pch; sourceTree = "<group>"; };
		17D704471CCDFA3F009CA7C0 /* Foundation+Log.m */ = {isa = PBXFileReference; fileEncoding = 4; lastKnownFileType = sourcecode.c.objc; path = "Foundation+Log.m"; sourceTree = "<group>"; };
		17D704481CCDFA3F009CA7C0 /* NSArray+ICEAdd.h */ = {isa = PBXFileReference; fileEncoding = 4; lastKnownFileType = sourcecode.c.h; path = "NSArray+ICEAdd.h"; sourceTree = "<group>"; };
		17D704491CCDFA3F009CA7C0 /* NSArray+ICEAdd.m */ = {isa = PBXFileReference; fileEncoding = 4; lastKnownFileType = sourcecode.c.objc; path = "NSArray+ICEAdd.m"; sourceTree = "<group>"; };
		17D7044A1CCDFA3F009CA7C0 /* NSDate+ICEAdd.h */ = {isa = PBXFileReference; fileEncoding = 4; lastKnownFileType = sourcecode.c.h; path = "NSDate+ICEAdd.h"; sourceTree = "<group>"; };
		17D7044B1CCDFA3F009CA7C0 /* NSDate+ICEAdd.m */ = {isa = PBXFileReference; fileEncoding = 4; lastKnownFileType = sourcecode.c.objc; path = "NSDate+ICEAdd.m"; sourceTree = "<group>"; };
		17D7044C1CCDFA3F009CA7C0 /* NSDictionary+ICEAdd.h */ = {isa = PBXFileReference; fileEncoding = 4; lastKnownFileType = sourcecode.c.h; path = "NSDictionary+ICEAdd.h"; sourceTree = "<group>"; };
		17D7044D1CCDFA3F009CA7C0 /* NSDictionary+ICEAdd.m */ = {isa = PBXFileReference; fileEncoding = 4; lastKnownFileType = sourcecode.c.objc; path = "NSDictionary+ICEAdd.m"; sourceTree = "<group>"; };
		17D7044E1CCDFA3F009CA7C0 /* NSFileManager+ICEAdd.h */ = {isa = PBXFileReference; fileEncoding = 4; lastKnownFileType = sourcecode.c.h; path = "NSFileManager+ICEAdd.h"; sourceTree = "<group>"; };
		17D7044F1CCDFA3F009CA7C0 /* NSFileManager+ICEAdd.m */ = {isa = PBXFileReference; fileEncoding = 4; lastKnownFileType = sourcecode.c.objc; path = "NSFileManager+ICEAdd.m"; sourceTree = "<group>"; };
		17D704501CCDFA3F009CA7C0 /* NSObject+ICEAdd.h */ = {isa = PBXFileReference; fileEncoding = 4; lastKnownFileType = sourcecode.c.h; path = "NSObject+ICEAdd.h"; sourceTree = "<group>"; };
		17D704511CCDFA3F009CA7C0 /* NSObject+ICEAdd.m */ = {isa = PBXFileReference; fileEncoding = 4; lastKnownFileType = sourcecode.c.objc; path = "NSObject+ICEAdd.m"; sourceTree = "<group>"; };
		17D704521CCDFA3F009CA7C0 /* NSObject+ICEBlock.h */ = {isa = PBXFileReference; fileEncoding = 4; lastKnownFileType = sourcecode.c.h; path = "NSObject+ICEBlock.h"; sourceTree = "<group>"; };
		17D704531CCDFA3F009CA7C0 /* NSObject+ICEBlock.m */ = {isa = PBXFileReference; fileEncoding = 4; lastKnownFileType = sourcecode.c.objc; path = "NSObject+ICEBlock.m"; sourceTree = "<group>"; };
		17D704541CCDFA3F009CA7C0 /* NSObject+YYAddForKVO.h */ = {isa = PBXFileReference; fileEncoding = 4; lastKnownFileType = sourcecode.c.h; path = "NSObject+YYAddForKVO.h"; sourceTree = "<group>"; };
		17D704551CCDFA3F009CA7C0 /* NSObject+YYAddForKVO.m */ = {isa = PBXFileReference; fileEncoding = 4; lastKnownFileType = sourcecode.c.objc; path = "NSObject+YYAddForKVO.m"; sourceTree = "<group>"; };
		17D704561CCDFA3F009CA7C0 /* NSString+ICEAdd.h */ = {isa = PBXFileReference; fileEncoding = 4; lastKnownFileType = sourcecode.c.h; path = "NSString+ICEAdd.h"; sourceTree = "<group>"; };
		17D704571CCDFA3F009CA7C0 /* NSString+ICEAdd.m */ = {isa = PBXFileReference; fileEncoding = 4; lastKnownFileType = sourcecode.c.objc; path = "NSString+ICEAdd.m"; sourceTree = "<group>"; };
		17D704581CCDFA3F009CA7C0 /* NSTimer+ICEAdd.h */ = {isa = PBXFileReference; fileEncoding = 4; lastKnownFileType = sourcecode.c.h; path = "NSTimer+ICEAdd.h"; sourceTree = "<group>"; };
		17D704591CCDFA3F009CA7C0 /* NSTimer+ICEAdd.m */ = {isa = PBXFileReference; fileEncoding = 4; lastKnownFileType = sourcecode.c.objc; path = "NSTimer+ICEAdd.m"; sourceTree = "<group>"; };
		17D7045A1CCDFA3F009CA7C0 /* UIApplication+ICEAdd.h */ = {isa = PBXFileReference; fileEncoding = 4; lastKnownFileType = sourcecode.c.h; path = "UIApplication+ICEAdd.h"; sourceTree = "<group>"; };
		17D7045B1CCDFA3F009CA7C0 /* UIApplication+ICEAdd.m */ = {isa = PBXFileReference; fileEncoding = 4; lastKnownFileType = sourcecode.c.objc; path = "UIApplication+ICEAdd.m"; sourceTree = "<group>"; };
		17D7045C1CCDFA3F009CA7C0 /* UIFont+ICEAdd.h */ = {isa = PBXFileReference; fileEncoding = 4; lastKnownFileType = sourcecode.c.h; path = "UIFont+ICEAdd.h"; sourceTree = "<group>"; };
		17D7045D1CCDFA3F009CA7C0 /* UIFont+ICEAdd.m */ = {isa = PBXFileReference; fileEncoding = 4; lastKnownFileType = sourcecode.c.objc; path = "UIFont+ICEAdd.m"; sourceTree = "<group>"; };
		17D7045E1CCDFA3F009CA7C0 /* ICECategory.h */ = {isa = PBXFileReference; fileEncoding = 4; lastKnownFileType = sourcecode.c.h; path = ICECategory.h; sourceTree = "<group>"; };
		17D704601CCDFA3F009CA7C0 /* UIBarButtonItem+ICEAdd.h */ = {isa = PBXFileReference; fileEncoding = 4; lastKnownFileType = sourcecode.c.h; path = "UIBarButtonItem+ICEAdd.h"; sourceTree = "<group>"; };
		17D704611CCDFA3F009CA7C0 /* UIBarButtonItem+ICEAdd.m */ = {isa = PBXFileReference; fileEncoding = 4; lastKnownFileType = sourcecode.c.objc; path = "UIBarButtonItem+ICEAdd.m"; sourceTree = "<group>"; };
		17D704621CCDFA3F009CA7C0 /* UIButton+ICEBlock.h */ = {isa = PBXFileReference; fileEncoding = 4; lastKnownFileType = sourcecode.c.h; path = "UIButton+ICEBlock.h"; sourceTree = "<group>"; };
		17D704631CCDFA3F009CA7C0 /* UIButton+ICEBlock.m */ = {isa = PBXFileReference; fileEncoding = 4; lastKnownFileType = sourcecode.c.objc; path = "UIButton+ICEBlock.m"; sourceTree = "<group>"; };
		17D704641CCDFA3F009CA7C0 /* UIColor+ICEAdd.h */ = {isa = PBXFileReference; fileEncoding = 4; lastKnownFileType = sourcecode.c.h; path = "UIColor+ICEAdd.h"; sourceTree = "<group>"; };
		17D704651CCDFA3F009CA7C0 /* UIColor+ICEAdd.m */ = {isa = PBXFileReference; fileEncoding = 4; lastKnownFileType = sourcecode.c.objc; path = "UIColor+ICEAdd.m"; sourceTree = "<group>"; };
		17D704661CCDFA3F009CA7C0 /* UIControl+ICEBlock.h */ = {isa = PBXFileReference; fileEncoding = 4; lastKnownFileType = sourcecode.c.h; path = "UIControl+ICEBlock.h"; sourceTree = "<group>"; };
		17D704671CCDFA3F009CA7C0 /* UIControl+ICEBlock.m */ = {isa = PBXFileReference; fileEncoding = 4; lastKnownFileType = sourcecode.c.objc; path = "UIControl+ICEBlock.m"; sourceTree = "<group>"; };
		17D704681CCDFA3F009CA7C0 /* UIGestureRecognizer+ICEAdd.h */ = {isa = PBXFileReference; fileEncoding = 4; lastKnownFileType = sourcecode.c.h; path = "UIGestureRecognizer+ICEAdd.h"; sourceTree = "<group>"; };
		17D704691CCDFA3F009CA7C0 /* UIGestureRecognizer+ICEAdd.m */ = {isa = PBXFileReference; fileEncoding = 4; lastKnownFileType = sourcecode.c.objc; path = "UIGestureRecognizer+ICEAdd.m"; sourceTree = "<group>"; };
		17D7046A1CCDFA3F009CA7C0 /* UIImage+ICEAdd.h */ = {isa = PBXFileReference; fileEncoding = 4; lastKnownFileType = sourcecode.c.h; path = "UIImage+ICEAdd.h"; sourceTree = "<group>"; };
		17D7046B1CCDFA3F009CA7C0 /* UIImage+ICEAdd.m */ = {isa = PBXFileReference; fileEncoding = 4; lastKnownFileType = sourcecode.c.objc; path = "UIImage+ICEAdd.m"; sourceTree = "<group>"; };
		17D7046C1CCDFA3F009CA7C0 /* UIScrollView+ICEAdd.h */ = {isa = PBXFileReference; fileEncoding = 4; lastKnownFileType = sourcecode.c.h; path = "UIScrollView+ICEAdd.h"; sourceTree = "<group>"; };
		17D7046D1CCDFA3F009CA7C0 /* UIScrollView+ICEAdd.m */ = {isa = PBXFileReference; fileEncoding = 4; lastKnownFileType = sourcecode.c.objc; path = "UIScrollView+ICEAdd.m"; sourceTree = "<group>"; };
		17D7046E1CCDFA3F009CA7C0 /* UITableView+ICEAdd.h */ = {isa = PBXFileReference; fileEncoding = 4; lastKnownFileType = sourcecode.c.h; path = "UITableView+ICEAdd.h"; sourceTree = "<group>"; };
		17D7046F1CCDFA3F009CA7C0 /* UITableView+ICEAdd.m */ = {isa = PBXFileReference; fileEncoding = 4; lastKnownFileType = sourcecode.c.objc; path = "UITableView+ICEAdd.m"; sourceTree = "<group>"; };
		17D704701CCDFA3F009CA7C0 /* UIView+ICEAdd.h */ = {isa = PBXFileReference; fileEncoding = 4; lastKnownFileType = sourcecode.c.h; path = "UIView+ICEAdd.h"; sourceTree = "<group>"; };
		17D704711CCDFA3F009CA7C0 /* UIView+ICEAdd.m */ = {isa = PBXFileReference; fileEncoding = 4; lastKnownFileType = sourcecode.c.objc; path = "UIView+ICEAdd.m"; sourceTree = "<group>"; };
		17D704721CCDFA3F009CA7C0 /* UIView+ICETapAdd.h */ = {isa = PBXFileReference; fileEncoding = 4; lastKnownFileType = sourcecode.c.h; path = "UIView+ICETapAdd.h"; sourceTree = "<group>"; };
		17D704731CCDFA3F009CA7C0 /* UIView+ICETapAdd.m */ = {isa = PBXFileReference; fileEncoding = 4; lastKnownFileType = sourcecode.c.objc; path = "UIView+ICETapAdd.m"; sourceTree = "<group>"; };
		17D704741CCDFA3F009CA7C0 /* YYKitMacro.h */ = {isa = PBXFileReference; fileEncoding = 4; lastKnownFileType = sourcecode.c.h; path = YYKitMacro.h; sourceTree = "<group>"; };
		457060B9782330CEE73B70D9 /* Pods.release.xcconfig */ = {isa = PBXFileReference; includeInIndex = 1; lastKnownFileType = text.xcconfig; name = Pods.release.xcconfig; path = "Pods/Target Support Files/Pods/Pods.release.xcconfig"; sourceTree = "<group>"; };
		786C2EE49CD3E5CD6CF8ED2B /* libPods.a */ = {isa = PBXFileReference; explicitFileType = archive.ar; includeInIndex = 0; path = libPods.a; sourceTree = BUILT_PRODUCTS_DIR; };
		E963485B06C9E0BC269DE8D0 /* Pods.debug.xcconfig */ = {isa = PBXFileReference; includeInIndex = 1; lastKnownFileType = text.xcconfig; name = Pods.debug.xcconfig; path = "Pods/Target Support Files/Pods/Pods.debug.xcconfig"; sourceTree = "<group>"; };
/* End PBXFileReference section */

/* Begin PBXFrameworksBuildPhase section */
		17D704271CCDF40E009CA7C0 /* Frameworks */ = {
			isa = PBXFrameworksBuildPhase;
			buildActionMask = 2147483647;
			files = (
				81984AE58310718D821CC880 /* libPods.a in Frameworks */,
			);
			runOnlyForDeploymentPostprocessing = 0;
		};
/* End PBXFrameworksBuildPhase section */

/* Begin PBXGroup section */
		17A302D41CDAF48E007257B5 /* ICEChatRoom */ = {
			isa = PBXGroup;
			children = (
				17A302D61CDAF48E007257B5 /* ICEChatRoom.h */,
				17A302D71CDAF48E007257B5 /* ICEChatRoom.m */,
				17A302D81CDAF48E007257B5 /* ICEMessageListView.h */,
				17A302D91CDAF48E007257B5 /* ICEMessageListView.m */,
				17A302DA1CDAF48E007257B5 /* InputView */,
				17A302DD1CDAF48E007257B5 /* messageCell */,
				17A302DE1CDAF48E007257B5 /* messageModel */,
				17A302D51CDAF48E007257B5 /* action */,
			);
			path = ICEChatRoom;
			sourceTree = "<group>";
		};
		17A302D51CDAF48E007257B5 /* action */ = {
			isa = PBXGroup;
			children = (
			);
			path = action;
			sourceTree = "<group>";
		};
		17A302DA1CDAF48E007257B5 /* InputView */ = {
			isa = PBXGroup;
			children = (
				17A302DB1CDAF48E007257B5 /* ICEInputView.h */,
				17A302DC1CDAF48E007257B5 /* ICEInputView.m */,
			);
			path = InputView;
			sourceTree = "<group>";
		};
		17A302DD1CDAF48E007257B5 /* messageCell */ = {
			isa = PBXGroup;
			children = (
			);
			path = messageCell;
			sourceTree = "<group>";
		};
		17A302DE1CDAF48E007257B5 /* messageModel */ = {
			isa = PBXGroup;
			children = (
			);
			path = messageModel;
			sourceTree = "<group>";
		};
		17D704211CCDF40E009CA7C0 = {
			isa = PBXGroup;
			children = (
				17D7042C1CCDF40E009CA7C0 /* ICEGitSet */,
				17D7042B1CCDF40E009CA7C0 /* Products */,
				B904D2ED4719882A228F7C19 /* Pods */,
				F813255F8992DAF0B88FD45E /* Frameworks */,
			);
			sourceTree = "<group>";
		};
		17D7042B1CCDF40E009CA7C0 /* Products */ = {
			isa = PBXGroup;
			children = (
				17D7042A1CCDF40E009CA7C0 /* ICEGitSet.app */,
			);
			name = Products;
			sourceTree = "<group>";
		};
		17D7042C1CCDF40E009CA7C0 /* ICEGitSet */ = {
			isa = PBXGroup;
			children = (
				17D704451CCDFA3F009CA7C0 /* ICECategory */,
				17A302D41CDAF48E007257B5 /* ICEChatRoom */,
				17D704301CCDF40E009CA7C0 /* AppDelegate.h */,
				17D704311CCDF40E009CA7C0 /* AppDelegate.m */,
				17D704331CCDF40E009CA7C0 /* ViewController.h */,
				17D704341CCDF40E009CA7C0 /* ViewController.m */,
				17D704361CCDF40E009CA7C0 /* Main.storyboard */,
				17D704441CCDF9DA009CA7C0 /* ICEGitSet.pch */,
				17D704391CCDF40E009CA7C0 /* Assets.xcassets */,
				17D7043B1CCDF40E009CA7C0 /* LaunchScreen.storyboard */,
				17D7043E1CCDF40E009CA7C0 /* Info.plist */,
				17D7042D1CCDF40E009CA7C0 /* Supporting Files */,
			);
			path = ICEGitSet;
			sourceTree = "<group>";
		};
		17D7042D1CCDF40E009CA7C0 /* Supporting Files */ = {
			isa = PBXGroup;
			children = (
				17D7042E1CCDF40E009CA7C0 /* main.m */,
			);
			name = "Supporting Files";
			sourceTree = "<group>";
		};
		17D704451CCDFA3F009CA7C0 /* ICECategory */ = {
			isa = PBXGroup;
			children = (
				17D704461CCDFA3F009CA7C0 /* foundation */,
				17D7045E1CCDFA3F009CA7C0 /* ICECategory.h */,
				17D7045F1CCDFA3F009CA7C0 /* UIKit */,
				17D704741CCDFA3F009CA7C0 /* YYKitMacro.h */,
			);
			path = ICECategory;
			sourceTree = "<group>";
		};
		17D704461CCDFA3F009CA7C0 /* foundation */ = {
			isa = PBXGroup;
			children = (
				17D704471CCDFA3F009CA7C0 /* Foundation+Log.m */,
				17D704481CCDFA3F009CA7C0 /* NSArray+ICEAdd.h */,
				17D704491CCDFA3F009CA7C0 /* NSArray+ICEAdd.m */,
				17D7044A1CCDFA3F009CA7C0 /* NSDate+ICEAdd.h */,
				17D7044B1CCDFA3F009CA7C0 /* NSDate+ICEAdd.m */,
				17D7044C1CCDFA3F009CA7C0 /* NSDictionary+ICEAdd.h */,
				17D7044D1CCDFA3F009CA7C0 /* NSDictionary+ICEAdd.m */,
				17D7044E1CCDFA3F009CA7C0 /* NSFileManager+ICEAdd.h */,
				17D7044F1CCDFA3F009CA7C0 /* NSFileManager+ICEAdd.m */,
				17D704501CCDFA3F009CA7C0 /* NSObject+ICEAdd.h */,
				17D704511CCDFA3F009CA7C0 /* NSObject+ICEAdd.m */,
				17D704521CCDFA3F009CA7C0 /* NSObject+ICEBlock.h */,
				17D704531CCDFA3F009CA7C0 /* NSObject+ICEBlock.m */,
				17D704541CCDFA3F009CA7C0 /* NSObject+YYAddForKVO.h */,
				17D704551CCDFA3F009CA7C0 /* NSObject+YYAddForKVO.m */,
				17D704561CCDFA3F009CA7C0 /* NSString+ICEAdd.h */,
				17D704571CCDFA3F009CA7C0 /* NSString+ICEAdd.m */,
				17D704581CCDFA3F009CA7C0 /* NSTimer+ICEAdd.h */,
				17D704591CCDFA3F009CA7C0 /* NSTimer+ICEAdd.m */,
				17D7045A1CCDFA3F009CA7C0 /* UIApplication+ICEAdd.h */,
				17D7045B1CCDFA3F009CA7C0 /* UIApplication+ICEAdd.m */,
				17D7045C1CCDFA3F009CA7C0 /* UIFont+ICEAdd.h */,
				17D7045D1CCDFA3F009CA7C0 /* UIFont+ICEAdd.m */,
			);
			path = foundation;
			sourceTree = "<group>";
		};
		17D7045F1CCDFA3F009CA7C0 /* UIKit */ = {
			isa = PBXGroup;
			children = (
				17D704601CCDFA3F009CA7C0 /* UIBarButtonItem+ICEAdd.h */,
				17D704611CCDFA3F009CA7C0 /* UIBarButtonItem+ICEAdd.m */,
				17D704621CCDFA3F009CA7C0 /* UIButton+ICEBlock.h */,
				17D704631CCDFA3F009CA7C0 /* UIButton+ICEBlock.m */,
				17D704641CCDFA3F009CA7C0 /* UIColor+ICEAdd.h */,
				17D704651CCDFA3F009CA7C0 /* UIColor+ICEAdd.m */,
				17D704661CCDFA3F009CA7C0 /* UIControl+ICEBlock.h */,
				17D704671CCDFA3F009CA7C0 /* UIControl+ICEBlock.m */,
				17D704681CCDFA3F009CA7C0 /* UIGestureRecognizer+ICEAdd.h */,
				17D704691CCDFA3F009CA7C0 /* UIGestureRecognizer+ICEAdd.m */,
				17D7046A1CCDFA3F009CA7C0 /* UIImage+ICEAdd.h */,
				17D7046B1CCDFA3F009CA7C0 /* UIImage+ICEAdd.m */,
				17D7046C1CCDFA3F009CA7C0 /* UIScrollView+ICEAdd.h */,
				17D7046D1CCDFA3F009CA7C0 /* UIScrollView+ICEAdd.m */,
				17D7046E1CCDFA3F009CA7C0 /* UITableView+ICEAdd.h */,
				17D7046F1CCDFA3F009CA7C0 /* UITableView+ICEAdd.m */,
				17D704701CCDFA3F009CA7C0 /* UIView+ICEAdd.h */,
				17D704711CCDFA3F009CA7C0 /* UIView+ICEAdd.m */,
				17D704721CCDFA3F009CA7C0 /* UIView+ICETapAdd.h */,
				17D704731CCDFA3F009CA7C0 /* UIView+ICETapAdd.m */,
			);
			path = UIKit;
			sourceTree = "<group>";
		};
		B904D2ED4719882A228F7C19 /* Pods */ = {
			isa = PBXGroup;
			children = (
				E963485B06C9E0BC269DE8D0 /* Pods.debug.xcconfig */,
				457060B9782330CEE73B70D9 /* Pods.release.xcconfig */,
			);
			name = Pods;
			sourceTree = "<group>";
		};
		F813255F8992DAF0B88FD45E /* Frameworks */ = {
			isa = PBXGroup;
			children = (
				786C2EE49CD3E5CD6CF8ED2B /* libPods.a */,
			);
			name = Frameworks;
			sourceTree = "<group>";
		};
/* End PBXGroup section */

/* Begin PBXNativeTarget section */
		17D704291CCDF40E009CA7C0 /* ICEGitSet */ = {
			isa = PBXNativeTarget;
			buildConfigurationList = 17D704411CCDF40E009CA7C0 /* Build configuration list for PBXNativeTarget "ICEGitSet" */;
			buildPhases = (
				A4AE8ECB9E60E89ECE7A8226 /* Check Pods Manifest.lock */,
				17D704261CCDF40E009CA7C0 /* Sources */,
				17D704271CCDF40E009CA7C0 /* Frameworks */,
				17D704281CCDF40E009CA7C0 /* Resources */,
				30AE77979FED315FCB00E299 /* Embed Pods Frameworks */,
				7CCE7A20554D4E40DD411E06 /* Copy Pods Resources */,
			);
			buildRules = (
			);
			dependencies = (
			);
			name = ICEGitSet;
			productName = ICEGitSet;
			productReference = 17D7042A1CCDF40E009CA7C0 /* ICEGitSet.app */;
			productType = "com.apple.product-type.application";
		};
/* End PBXNativeTarget section */

/* Begin PBXProject section */
		17D704221CCDF40E009CA7C0 /* Project object */ = {
			isa = PBXProject;
			attributes = {
				LastUpgradeCheck = 0730;
				ORGANIZATIONNAME = ICE;
				TargetAttributes = {
					17D704291CCDF40E009CA7C0 = {
						CreatedOnToolsVersion = 7.3;
					};
				};
			};
			buildConfigurationList = 17D704251CCDF40E009CA7C0 /* Build configuration list for PBXProject "ICEGitSet" */;
			compatibilityVersion = "Xcode 3.2";
			developmentRegion = English;
			hasScannedForEncodings = 0;
			knownRegions = (
				en,
				Base,
			);
			mainGroup = 17D704211CCDF40E009CA7C0;
			productRefGroup = 17D7042B1CCDF40E009CA7C0 /* Products */;
			projectDirPath = "";
			projectRoot = "";
			targets = (
				17D704291CCDF40E009CA7C0 /* ICEGitSet */,
			);
		};
/* End PBXProject section */

/* Begin PBXResourcesBuildPhase section */
		17D704281CCDF40E009CA7C0 /* Resources */ = {
			isa = PBXResourcesBuildPhase;
			buildActionMask = 2147483647;
			files = (
				17D7043D1CCDF40E009CA7C0 /* LaunchScreen.storyboard in Resources */,
				17D7043A1CCDF40E009CA7C0 /* Assets.xcassets in Resources */,
				17D704381CCDF40E009CA7C0 /* Main.storyboard in Resources */,
			);
			runOnlyForDeploymentPostprocessing = 0;
		};
/* End PBXResourcesBuildPhase section */

/* Begin PBXShellScriptBuildPhase section */
		30AE77979FED315FCB00E299 /* Embed Pods Frameworks */ = {
			isa = PBXShellScriptBuildPhase;
			buildActionMask = 2147483647;
			files = (
			);
			inputPaths = (
			);
			name = "Embed Pods Frameworks";
			outputPaths = (
			);
			runOnlyForDeploymentPostprocessing = 0;
			shellPath = /bin/sh;
			shellScript = "\"${SRCROOT}/Pods/Target Support Files/Pods/Pods-frameworks.sh\"\n";
			showEnvVarsInLog = 0;
		};
		7CCE7A20554D4E40DD411E06 /* Copy Pods Resources */ = {
			isa = PBXShellScriptBuildPhase;
			buildActionMask = 2147483647;
			files = (
			);
			inputPaths = (
			);
			name = "Copy Pods Resources";
			outputPaths = (
			);
			runOnlyForDeploymentPostprocessing = 0;
			shellPath = /bin/sh;
			shellScript = "\"${SRCROOT}/Pods/Target Support Files/Pods/Pods-resources.sh\"\n";
			showEnvVarsInLog = 0;
		};
		A4AE8ECB9E60E89ECE7A8226 /* Check Pods Manifest.lock */ = {
			isa = PBXShellScriptBuildPhase;
			buildActionMask = 2147483647;
			files = (
			);
			inputPaths = (
			);
			name = "Check Pods Manifest.lock";
			outputPaths = (
			);
			runOnlyForDeploymentPostprocessing = 0;
			shellPath = /bin/sh;
			shellScript = "diff \"${PODS_ROOT}/../Podfile.lock\" \"${PODS_ROOT}/Manifest.lock\" > /dev/null\nif [[ $? != 0 ]] ; then\n    cat << EOM\nerror: The sandbox is not in sync with the Podfile.lock. Run 'pod install' or update your CocoaPods installation.\nEOM\n    exit 1\nfi\n";
			showEnvVarsInLog = 0;
		};
/* End PBXShellScriptBuildPhase section */

/* Begin PBXSourcesBuildPhase section */
		17D704261CCDF40E009CA7C0 /* Sources */ = {
			isa = PBXSourcesBuildPhase;
			buildActionMask = 2147483647;
			files = (
				17D704891CCDFA3F009CA7C0 /* UIView+ICEAdd.m in Sources */,
				17D7047E1CCDFA3F009CA7C0 /* NSTimer+ICEAdd.m in Sources */,
				17D704841CCDFA3F009CA7C0 /* UIControl+ICEBlock.m in Sources */,
				17D704771CCDFA3F009CA7C0 /* NSDate+ICEAdd.m in Sources */,
				17D704861CCDFA3F009CA7C0 /* UIImage+ICEAdd.m in Sources */,
				17D704801CCDFA3F009CA7C0 /* UIFont+ICEAdd.m in Sources */,
				17D7047F1CCDFA3F009CA7C0 /* UIApplication+ICEAdd.m in Sources */,
				17D7047D1CCDFA3F009CA7C0 /* NSString+ICEAdd.m in Sources */,
				17D7047C1CCDFA3F009CA7C0 /* NSObject+YYAddForKVO.m in Sources */,
				17D704811CCDFA3F009CA7C0 /* UIBarButtonItem+ICEAdd.m in Sources */,
				17D704871CCDFA3F009CA7C0 /* UIScrollView+ICEAdd.m in Sources */,
				17D704351CCDF40E009CA7C0 /* ViewController.m in Sources */,
				17D704791CCDFA3F009CA7C0 /* NSFileManager+ICEAdd.m in Sources */,
				17D704321CCDF40E009CA7C0 /* AppDelegate.m in Sources */,
				17D7048A1CCDFA3F009CA7C0 /* UIView+ICETapAdd.m in Sources */,
				17D704881CCDFA3F009CA7C0 /* UITableView+ICEAdd.m in Sources */,
				17D704781CCDFA3F009CA7C0 /* NSDictionary+ICEAdd.m in Sources */,
				17A302E11CDAF48E007257B5 /* ICEInputView.m in Sources */,
				17D7047B1CCDFA3F009CA7C0 /* NSObject+ICEBlock.m in Sources */,
				17D704851CCDFA3F009CA7C0 /* UIGestureRecognizer+ICEAdd.m in Sources */,
				17D704821CCDFA3F009CA7C0 /* UIButton+ICEBlock.m in Sources */,
				17A302DF1CDAF48E007257B5 /* ICEChatRoom.m in Sources */,
				17D704761CCDFA3F009CA7C0 /* NSArray+ICEAdd.m in Sources */,
				17D7042F1CCDF40E009CA7C0 /* main.m in Sources */,
				17A302E01CDAF48E007257B5 /* ICEMessageListView.m in Sources */,
				17D704751CCDFA3F009CA7C0 /* Foundation+Log.m in Sources */,
				17D7047A1CCDFA3F009CA7C0 /* NSObject+ICEAdd.m in Sources */,
				17D704831CCDFA3F009CA7C0 /* UIColor+ICEAdd.m in Sources */,
			);
			runOnlyForDeploymentPostprocessing = 0;
		};
/* End PBXSourcesBuildPhase section */

/* Begin PBXVariantGroup section */
		17D704361CCDF40E009CA7C0 /* Main.storyboard */ = {
			isa = PBXVariantGroup;
			children = (
				17D704371CCDF40E009CA7C0 /* Base */,
			);
			name = Main.storyboard;
			sourceTree = "<group>";
		};
		17D7043B1CCDF40E009CA7C0 /* LaunchScreen.storyboard */ = {
			isa = PBXVariantGroup;
			children = (
				17D7043C1CCDF40E009CA7C0 /* Base */,
			);
			name = LaunchScreen.storyboard;
			sourceTree = "<group>";
		};
/* End PBXVariantGroup section */

/* Begin XCBuildConfiguration section */
		17D7043F1CCDF40E009CA7C0 /* Debug */ = {
			isa = XCBuildConfiguration;
			buildSettings = {
				ALWAYS_SEARCH_USER_PATHS = NO;
				CLANG_ANALYZER_NONNULL = YES;
				CLANG_CXX_LANGUAGE_STANDARD = "gnu++0x";
				CLANG_CXX_LIBRARY = "libc++";
				CLANG_ENABLE_MODULES = YES;
				CLANG_ENABLE_OBJC_ARC = YES;
				CLANG_WARN_BOOL_CONVERSION = YES;
				CLANG_WARN_CONSTANT_CONVERSION = YES;
				CLANG_WARN_DIRECT_OBJC_ISA_USAGE = YES_ERROR;
				CLANG_WARN_EMPTY_BODY = YES;
				CLANG_WARN_ENUM_CONVERSION = YES;
				CLANG_WARN_INT_CONVERSION = YES;
				CLANG_WARN_OBJC_ROOT_CLASS = YES_ERROR;
				CLANG_WARN_UNREACHABLE_CODE = YES;
				CLANG_WARN__DUPLICATE_METHOD_MATCH = YES;
				"CODE_SIGN_IDENTITY[sdk=iphoneos*]" = "iPhone Developer";
				COPY_PHASE_STRIP = NO;
				DEBUG_INFORMATION_FORMAT = dwarf;
				ENABLE_STRICT_OBJC_MSGSEND = YES;
				ENABLE_TESTABILITY = YES;
				GCC_C_LANGUAGE_STANDARD = gnu99;
				GCC_DYNAMIC_NO_PIC = NO;
				GCC_NO_COMMON_BLOCKS = YES;
				GCC_OPTIMIZATION_LEVEL = 0;
				GCC_PREPROCESSOR_DEFINITIONS = (
					"DEBUG=1",
					"$(inherited)",
				);
				GCC_WARN_64_TO_32_BIT_CONVERSION = YES;
				GCC_WARN_ABOUT_RETURN_TYPE = YES_ERROR;
				GCC_WARN_UNDECLARED_SELECTOR = YES;
				GCC_WARN_UNINITIALIZED_AUTOS = YES_AGGRESSIVE;
				GCC_WARN_UNUSED_FUNCTION = YES;
				GCC_WARN_UNUSED_VARIABLE = YES;
				IPHONEOS_DEPLOYMENT_TARGET = 9.3;
				MTL_ENABLE_DEBUG_INFO = YES;
				ONLY_ACTIVE_ARCH = YES;
				SDKROOT = iphoneos;
				TARGETED_DEVICE_FAMILY = "1,2";
			};
			name = Debug;
		};
		17D704401CCDF40E009CA7C0 /* Release */ = {
			isa = XCBuildConfiguration;
			buildSettings = {
				ALWAYS_SEARCH_USER_PATHS = NO;
				CLANG_ANALYZER_NONNULL = YES;
				CLANG_CXX_LANGUAGE_STANDARD = "gnu++0x";
				CLANG_CXX_LIBRARY = "libc++";
				CLANG_ENABLE_MODULES = YES;
				CLANG_ENABLE_OBJC_ARC = YES;
				CLANG_WARN_BOOL_CONVERSION = YES;
				CLANG_WARN_CONSTANT_CONVERSION = YES;
				CLANG_WARN_DIRECT_OBJC_ISA_USAGE = YES_ERROR;
				CLANG_WARN_EMPTY_BODY = YES;
				CLANG_WARN_ENUM_CONVERSION = YES;
				CLANG_WARN_INT_CONVERSION = YES;
				CLANG_WARN_OBJC_ROOT_CLASS = YES_ERROR;
				CLANG_WARN_UNREACHABLE_CODE = YES;
				CLANG_WARN__DUPLICATE_METHOD_MATCH = YES;
				"CODE_SIGN_IDENTITY[sdk=iphoneos*]" = "iPhone Developer";
				COPY_PHASE_STRIP = NO;
				DEBUG_INFORMATION_FORMAT = "dwarf-with-dsym";
				ENABLE_NS_ASSERTIONS = NO;
				ENABLE_STRICT_OBJC_MSGSEND = YES;
				GCC_C_LANGUAGE_STANDARD = gnu99;
				GCC_NO_COMMON_BLOCKS = YES;
				GCC_WARN_64_TO_32_BIT_CONVERSION = YES;
				GCC_WARN_ABOUT_RETURN_TYPE = YES_ERROR;
				GCC_WARN_UNDECLARED_SELECTOR = YES;
				GCC_WARN_UNINITIALIZED_AUTOS = YES_AGGRESSIVE;
				GCC_WARN_UNUSED_FUNCTION = YES;
				GCC_WARN_UNUSED_VARIABLE = YES;
				IPHONEOS_DEPLOYMENT_TARGET = 9.3;
				MTL_ENABLE_DEBUG_INFO = NO;
				SDKROOT = iphoneos;
				TARGETED_DEVICE_FAMILY = "1,2";
				VALIDATE_PRODUCT = YES;
			};
			name = Release;
		};
		17D704421CCDF40E009CA7C0 /* Debug */ = {
			isa = XCBuildConfiguration;
			baseConfigurationReference = E963485B06C9E0BC269DE8D0 /* Pods.debug.xcconfig */;
			buildSettings = {
				ASSETCATALOG_COMPILER_APPICON_NAME = AppIcon;
				GCC_PRECOMPILE_PREFIX_HEADER = YES;
				GCC_PREFIX_HEADER = "$(SRCROOT)/ICEGitSet/ICEGitSet.pch";
				INFOPLIST_FILE = ICEGitSet/Info.plist;
				LD_RUNPATH_SEARCH_PATHS = "$(inherited) @executable_path/Frameworks";
				PRODUCT_BUNDLE_IDENTIFIER = com.wanliyun.ICEGitSet;
				PRODUCT_NAME = "$(TARGET_NAME)";
			};
			name = Debug;
		};
		17D704431CCDF40E009CA7C0 /* Release */ = {
			isa = XCBuildConfiguration;
			baseConfigurationReference = 457060B9782330CEE73B70D9 /* Pods.release.xcconfig */;
			buildSettings = {
				ASSETCATALOG_COMPILER_APPICON_NAME = AppIcon;
				GCC_PRECOMPILE_PREFIX_HEADER = YES;
				GCC_PREFIX_HEADER = "$(SRCROOT)/ICEGitSet/ICEGitSet.pch";
				INFOPLIST_FILE = ICEGitSet/Info.plist;
				LD_RUNPATH_SEARCH_PATHS = "$(inherited) @executable_path/Frameworks";
				PRODUCT_BUNDLE_IDENTIFIER = com.wanliyun.ICEGitSet;
				PRODUCT_NAME = "$(TARGET_NAME)";
			};
			name = Release;
		};
/* End XCBuildConfiguration section */

/* Begin XCConfigurationList section */
		17D704251CCDF40E009CA7C0 /* Build configuration list for PBXProject "ICEGitSet" */ = {
			isa = XCConfigurationList;
			buildConfigurations = (
				17D7043F1CCDF40E009CA7C0 /* Debug */,
				17D704401CCDF40E009CA7C0 /* Release */,
			);
			defaultConfigurationIsVisible = 0;
			defaultConfigurationName = Release;
		};
		17D704411CCDF40E009CA7C0 /* Build configuration list for PBXNativeTarget "ICEGitSet" */ = {
			isa = XCConfigurationList;
			buildConfigurations = (
				17D704421CCDF40E009CA7C0 /* Debug */,
				17D704431CCDF40E009CA7C0 /* Release */,
			);
			defaultConfigurationIsVisible = 0;
			defaultConfigurationName = Release;
		};
/* End XCConfigurationList section */
	};
	rootObject = 17D704221CCDF40E009CA7C0 /* Project object */;
}
